NeoBundleLock vim-markdown 8f2eaa4169d8e15d69c30ce01b7065fc8259ae9d
NeoBundleLock previm f576d7dc2669af08a6b1c7b997eb65215359bb75
NeoBundleLock open-browser.vim 4184376d06525f9b5fb7c08ce2a482e1d6acf645
NeoBundleLock neobundle.vim a4c2ce81f007144e34a7064325d55b94beb04f0d
NeoBundleLock vim-surround e49d6c2459e0f5569ff2d533b4df995dd7f98313
NeoBundleLock emmet-vim 5442207ccb4468ee511a3ae5aa4d81839b247d24
NeoBundleLock plantuml-syntax 63b172cd28088eec07eca05482b8a914167df7bf
